
Microsoft Visual Studio Solution File, Format Version 12.00
# Visual Studio 15
VisualStudioVersion = 15.0.27703.2035
MinimumVisualStudioVersion = 10.0.40219.1
Project("{FAE04EC0-301F-11D3-BF4B-00C04F79EFBC}") = "TIdEmArK", "TIdEmArK\TIdEmArK.csproj", "{AB73259C-033F-49B9-B914-0EB7C72C167A}"
EndProject
Global
	GlobalSection(SolutionConfigurationPlatforms) = preSolution
		Debug|Any CPU = Debug|Any CPU
		Release|Any CPU = Release|Any CPU
	EndGlobalSection
	GlobalSection(ProjectConfigurationPlatforms) = postSolution
		{AB73259C-033F-49B9-B914-0EB7C72C167A}.Debug|Any CPU.ActiveCfg = Debug|Any CPU
		{AB73259C-033F-49B9-B914-0EB7C72C167A}.Debug|Any CPU.Build.0 = Debug|Any CPU
		{AB73259C-033F-49B9-B914-0EB7C72C167A}.Release|Any CPU.ActiveCfg = Release|Any CPU
		{AB73259C-033F-49B9-B914-0EB7C72C167A}.Release|Any CPU.Build.0 = Release|Any CPU
	EndGlobalSection
	GlobalSection(SolutionProperties) = preSolution
		HideSolutionNode = FALSE
	EndGlobalSection
	GlobalSection(ExtensibilityGlobals) = postSolution
		SolutionGuid = {0E992171-5249-4F1B-A6D8-46F628AB6E91}
	EndGlobalSection
EndGlobal
